{
    "_meta": {
        "hash": {
            "sha256": "b0934920c2aef92ed5a541bd3171855fe93a7dc3445239616a537ada0227afc0"
        },
        "pipfile-spec": 6,
        "requires": {
            "python_version": "3.7"
        },
        "sources": [
            {
                "name": "pypi",
                "url": "https://pypi.org/simple",
                "verify_ssl": true
            }
        ]
    },
    "default": {
        "aniso8601": {
            "hashes": [
                "sha256:513d2b6637b7853806ae79ffaca6f3e8754bdd547048f5ccc1420aec4b714f1e",
                "sha256:d10a4bf949f619f719b227ef5386e31f49a2b6d453004b21f02661ccc8670c7b"
            ],
            "version": "==7.0.0"
        },
        "asgi-redis": {
            "hashes": [
                "sha256:ad724d382617b34c2cae08a8c43eb9999f7e695c11e9c534d28b7db0042b898e",
                "sha256:f1f7a86439d764a6cd6c11d165a500d7287d5447ac8eb4c7b2483456cf3cb383"
            ],
            "version": "==1.4.3"
        },
        "asgiref": {
            "hashes": [
                "sha256:8b46c3d6e2ad354d9da3cfb9873f9bd46fe1b768fbc11065275ba5430a46700c",
                "sha256:d69847e3164957f4e6da51d2f1192b920c6c7d626bd3fc55f47aa1295702a0ed"
            ],
            "version": "==1.1.2"
        },
        "asn1crypto": {
            "hashes": [
                "sha256:0b199f211ae690df3db4fd6c1c4ff976497fb1da689193e368eedbadc53d9292",
                "sha256:bca90060bd995c3f62c4433168eab407e44bdbdb567b3f3a396a676c1a4c4a3f"
            ],
            "version": "==1.0.1"
        },
        "attrs": {
            "hashes": [
                "sha256:ec20e7a4825331c1b5ebf261d111e16fa9612c1f7a5e1f884f12bd53a664dfd2",
                "sha256:f913492e1663d3c36f502e5e9ba6cd13cf19d7fab50aa13239e420fef95e1396"
            ],
            "version": "==19.2.0"
        },
        "autobahn": {
            "hashes": [
                "sha256:734385b00547448b3f30a752cbfd2900d15924d77dc4a1699b8bce1ea8899f39",
                "sha256:7ab1e51a9c9bf0aa6ccbe765635b79b9a659019d38904fa3c2072670f097a25d"
            ],
            "version": "==19.10.1"
        },
        "automat": {
            "hashes": [
                "sha256:cbd78b83fa2d81fe2a4d23d258e1661dd7493c9a50ee2f1a5b2cac61c1793b0e",
                "sha256:fdccab66b68498af9ecfa1fa43693abe546014dd25cf28543cbe9d1334916a58"
            ],
            "version": "==0.7.0"
        },
        "babel": {
            "hashes": [
                "sha256:af92e6106cb7c55286b25b38ad7695f8b4efb36a90ba483d7f7a6628c46158ab",
                "sha256:e86135ae101e31e2c8ec20a4e0c5220f4eed12487d5cf3f78be7e98d3a57fc28"
            ],
            "version": "==2.7.0"
        },
        "beautifulsoup4": {
            "hashes": [
                "sha256:11a9a27b7d3bddc6d86f59fb76afb70e921a25ac2d6cc55b40d072bd68435a76",
                "sha256:7015e76bf32f1f574636c4288399a6de66ce08fb7b2457f628a8d70c0fbabb11",
                "sha256:808b6ac932dccb0a4126558f7dfdcf41710dd44a4ef497a0bb59a77f9f078e89"
            ],
            "version": "==4.6.0"
        },
        "boto3": {
            "hashes": [
                "sha256:a901f5c0fc736b30119feaff6ed03e73f3f7785bc6e865a8630b13fd8809dc2d",
                "sha256:fa81dc71b23f98abe9a90de3c42ffcd98451b29ad7408465eb7c0a63e1fba95e"
            ],
            "index": "pypi",
            "version": "==1.9.94"
        },
        "botocore": {
            "hashes": [
                "sha256:16a09307cef306312d4c3ea18ed3902ae1e084c905bda091db2689e9852753ef",
                "sha256:b21b694a6bccbe12b64d3e452d081016b67172c92d0b1be2904f60cd4dd5598d"
            ],
            "version": "==1.12.245"
        },
        "certifi": {
            "hashes": [
                "sha256:e4f3620cfea4f83eedc95b24abd9cd56f3c4b146dd0177e83a21b4eb49e21e50",
                "sha256:fd7c7c74727ddcf00e9acd26bba8da604ffec95bf1c2144e67aff7a8b50e6cef"
            ],
            "version": "==2019.9.11"
        },
        "cffi": {
            "hashes": [
                "sha256:041c81822e9f84b1d9c401182e174996f0bae9991f33725d059b771744290774",
                "sha256:046ef9a22f5d3eed06334d01b1e836977eeef500d9b78e9ef693f9380ad0b83d",
                "sha256:066bc4c7895c91812eff46f4b1c285220947d4aa46fa0a2651ff85f2afae9c90",
                "sha256:066c7ff148ae33040c01058662d6752fd73fbc8e64787229ea8498c7d7f4041b",
                "sha256:2444d0c61f03dcd26dbf7600cf64354376ee579acad77aef459e34efcb438c63",
                "sha256:300832850b8f7967e278870c5d51e3819b9aad8f0a2c8dbe39ab11f119237f45",
                "sha256:34c77afe85b6b9e967bd8154e3855e847b70ca42043db6ad17f26899a3df1b25",
                "sha256:46de5fa00f7ac09f020729148ff632819649b3e05a007d286242c4882f7b1dc3",
                "sha256:4aa8ee7ba27c472d429b980c51e714a24f47ca296d53f4d7868075b175866f4b",
                "sha256:4d0004eb4351e35ed950c14c11e734182591465a33e960a4ab5e8d4f04d72647",
                "sha256:4e3d3f31a1e202b0f5a35ba3bc4eb41e2fc2b11c1eff38b362de710bcffb5016",
                "sha256:50bec6d35e6b1aaeb17f7c4e2b9374ebf95a8975d57863546fa83e8d31bdb8c4",
                "sha256:55cad9a6df1e2a1d62063f79d0881a414a906a6962bc160ac968cc03ed3efcfb",
                "sha256:5662ad4e4e84f1eaa8efce5da695c5d2e229c563f9d5ce5b0113f71321bcf753",
                "sha256:59b4dc008f98fc6ee2bb4fd7fc786a8d70000d058c2bbe2698275bc53a8d3fa7",
                "sha256:73e1ffefe05e4ccd7bcea61af76f36077b914f92b76f95ccf00b0c1b9186f3f9",
                "sha256:a1f0fd46eba2d71ce1589f7e50a9e2ffaeb739fb2c11e8192aa2b45d5f6cc41f",
                "sha256:a2e85dc204556657661051ff4bab75a84e968669765c8a2cd425918699c3d0e8",
                "sha256:a5457d47dfff24882a21492e5815f891c0ca35fefae8aa742c6c263dac16ef1f",
                "sha256:a8dccd61d52a8dae4a825cdbb7735da530179fea472903eb871a5513b5abbfdc",
                "sha256:ae61af521ed676cf16ae94f30fe202781a38d7178b6b4ab622e4eec8cefaff42",
                "sha256:b012a5edb48288f77a63dba0840c92d0504aa215612da4541b7b42d849bc83a3",
                "sha256:d2c5cfa536227f57f97c92ac30c8109688ace8fa4ac086d19d0af47d134e2909",
                "sha256:d42b5796e20aacc9d15e66befb7a345454eef794fdb0737d1af593447c6c8f45",
                "sha256:dee54f5d30d775f525894d67b1495625dd9322945e7fee00731952e0368ff42d",
                "sha256:e070535507bd6aa07124258171be2ee8dfc19119c28ca94c9dfb7efd23564512",
                "sha256:e1ff2748c84d97b065cc95429814cdba39bcbd77c9c85c89344b317dc0d9cbff",
                "sha256:ed851c75d1e0e043cbf5ca9a8e1b13c4c90f3fbd863dacb01c0808e2b5204201"
            ],
            "version": "==1.12.3"
        },
        "channels": {
            "hashes": [
                "sha256:02a82661241de0cf3bfa228cfc1e3e5c999a31215e213e6502a7ed60391c5e3f",
                "sha256:729bb1f8704b766b8682cf98fba7338c252d1d9fef15e8f41ffdb1a1526615e8"
            ],
            "version": "==1.1.8"
        },
        "chardet": {
            "hashes": [
                "sha256:84ab92ed1c4d4f16916e05906b6b75a6c0fb5db821cc65e70cbd64a3e2a5eaae",
                "sha256:fc323ffcaeaed0e0a02bf4d117757b98aed530d9ed4531e3e15460124c106691"
            ],
            "version": "==3.0.4"
        },
        "colorthief": {
            "hashes": [
                "sha256:079cb0c95bdd669c4643e2f7494de13b0b6029d5cdbe2d74d5d3c3386bd57221",
                "sha256:b04fc8ce5cf9c888768745e29cb19b7b688d5711af6fba26e8057debabec56b9"
            ],
            "version": "==0.2.1"
        },
        "constantly": {
            "hashes": [
                "sha256:586372eb92059873e29eba4f9dec8381541b4d3834660707faf8ba59146dfc35",
                "sha256:dd2fa9d6b1a51a83f0d7dd76293d734046aa176e384bf6e33b7e44880eb37c5d"
            ],
            "version": "==15.1.0"
        },
        "cryptography": {
            "hashes": [
                "sha256:24b61e5fcb506424d3ec4e18bca995833839bf13c59fc43e530e488f28d46b8c",
                "sha256:25dd1581a183e9e7a806fe0543f485103232f940fcfc301db65e630512cce643",
                "sha256:3452bba7c21c69f2df772762be0066c7ed5dc65df494a1d53a58b683a83e1216",
                "sha256:41a0be220dd1ed9e998f5891948306eb8c812b512dc398e5a01846d855050799",
                "sha256:5751d8a11b956fbfa314f6553d186b94aa70fdb03d8a4d4f1c82dcacf0cbe28a",
                "sha256:5f61c7d749048fa6e3322258b4263463bfccefecb0dd731b6561cb617a1d9bb9",
                "sha256:72e24c521fa2106f19623a3851e9f89ddfdeb9ac63871c7643790f872a305dfc",
                "sha256:7b97ae6ef5cba2e3bb14256625423413d5ce8d1abb91d4f29b6d1a081da765f8",
                "sha256:961e886d8a3590fd2c723cf07be14e2a91cf53c25f02435c04d39e90780e3b53",
                "sha256:96d8473848e984184b6728e2c9d391482008646276c3ff084a1bd89e15ff53a1",
                "sha256:ae536da50c7ad1e002c3eee101871d93abdc90d9c5f651818450a0d3af718609",
                "sha256:b0db0cecf396033abb4a93c95d1602f268b3a68bb0a9cc06a7cff587bb9a7292",
                "sha256:cfee9164954c186b191b91d4193989ca994703b2fff406f71cf454a2d3c7327e",
                "sha256:e6347742ac8f35ded4a46ff835c60e68c22a536a8ae5c4422966d06946b6d4c6",
                "sha256:f27d93f0139a3c056172ebb5d4f9056e770fdf0206c2f422ff2ebbad142e09ed",
                "sha256:f57b76e46a58b63d1c6375017f4564a28f19a5ca912691fd2e4261b3414b618d"
            ],
            "version": "==2.7"
        },
        "daphne": {
            "hashes": [
                "sha256:302725f223853b05688f28c361e050f8db9568b1ce27340c76272c26b49e6d72",
                "sha256:fcbf720555eb0e26cdc3883dc9a910be03a294b30b742acfbb4f5e7408875376"
            ],
            "version": "==1.4.2"
        },
        "dj-database-url": {
            "hashes": [
                "sha256:4aeaeb1f573c74835b0686a2b46b85990571159ffc21aa57ecd4d1e1cb334163",
                "sha256:851785365761ebe4994a921b433062309eb882fedd318e1b0fcecc607ed02da9"
            ],
            "index": "pypi",
            "version": "==0.5.0"
        },
        "django": {
            "hashes": [
                "sha256:4025317ca01f75fc79250ff7262a06d8ba97cd4f82e93394b2a0a6a4a925caeb",
                "sha256:a8ca1033acac9f33995eb2209a6bf18a4681c3e5269a878e9a7e0b7384ed1ca3"
            ],
            "version": "==2.2.6"
        },
        "django-cors-headers": {
            "hashes": [
                "sha256:0e9532628b3aa8806442d4d0b15e56112e6cfbef3735e13401935c98b842a2b4",
                "sha256:c7ec4816ec49416517b84f317499d1519db62125471922ab78d670474ed9b987"
            ],
            "index": "pypi",
            "version": "==2.2.0"
        },
        "django-countable-field": {
            "editable": true,
            "git": "https://github.com/cityofaustin/django-countable-field",
            "ref": "f5886fbc00ddf357e9f6e433704378976b9dc808"
        },
        "django-dbbackup": {
            "hashes": [
                "sha256:9470e5d8bdaee4feb878b1b66c59eb9b27a131cccd648bf7cbfe70930acd4fc0"
            ],
            "index": "pypi",
            "version": "==3.2.0"
        },
        "django-debug-toolbar": {
            "hashes": [
                "sha256:17c53cd6bf4e7d69902aedf9a1d26c5d3b7369b54c5718744704f27b5a72f35d",
                "sha256:9a23ada2e43cd989195db3c18710b5d7451134a0d48127ab64c1d2ad81700342"
            ],
            "index": "pypi",
            "version": "==2.0"
        },
        "django-extensions": {
            "hashes": [
                "sha256:097450a56fcfdef36bb4dd731b113d1b3e9a9de715fc8775e5e84ab3be50dd96",
                "sha256:a1799a7eb4cf0f7aa0d111bac79047227b55a74d11741f387708023a012662f9"
            ],
            "index": "pypi",
            "version": "==2.1.9"
        },
        "django-filter": {
            "hashes": [
                "sha256:3dafb7d2810790498895c22a1f31b2375795910680ac9c1432821cbedb1e176d",
                "sha256:a3014de317bef0cd43075a0f08dfa1d319a7ccc5733c3901fb860da70b0dda68"
            ],
            "index": "pypi",
            "version": "==2.1.0"
        },
        "django-flags": {
            "hashes": [
                "sha256:3d698b057be1bed669a19d45b56e9bf9e70cc67476792d96d7d56befc5115af6",
                "sha256:73afca86c28b386af96c1b7900d52ae341b488672f7a60b6b99a7b58949b070b"
            ],
            "index": "pypi",
            "version": "==4.2.4"
        },
        "django-modelcluster": {
            "hashes": [
                "sha256:59672386191d38c69d6f994c3f9aaab3ff93910ec71e78a0bb6aa9abd4d1b90a",
                "sha256:eea507f2dd8bd283600c1cfa4de6776501a28f199089bb00613c1621505e80cc"
            ],
            "version": "==4.4"
        },
        "django-modeltranslation": {
            "hashes": [
                "sha256:55de86a9531d021cfc249552d17472bb5bf21955a4482f7f908be85d4980da36"
            ],
            "index": "pypi",
            "version": "==0.13.1"
        },
        "django-phonenumber-field": {
            "hashes": [
                "sha256:1ab19f723928582fed412bd9844221fa4ff466276d8526b8b4a9913ee1487c5e",
                "sha256:794ebbc3068a7af75aa72a80cb0cec67e714ff8409a965968040f1fd210b2d97"
            ],
            "index": "pypi",
            "version": "==3.0.1"
        },
        "django-session-security": {
            "hashes": [
                "sha256:1b78b304fc1481f71addaba6b24bd30f7731478ba30c32f04f534dc2c0976d46"
            ],
            "index": "pypi",
            "version": "==2.6.5"
        },
        "django-smuggler": {
            "hashes": [
                "sha256:0436cceb4a2d6fd6ebe8a0a89dfba0bf89ded448e27f514e094ac6b1672690b4",
                "sha256:227d114c102b1c6c96d0a718665ed962d5f28c66260ba158a04e812daf976412"
            ],
            "index": "pypi",
            "version": "==0.9.1"
        },
        "django-storages": {
            "hashes": [
                "sha256:7339070cf0c8042f5a885783a0a909175a8dbb68e7f5697d597571c830a460c4",
                "sha256:f1dd5668a4df9a23aff56c8321ea3aac3fda23d9d17473158d308d1b13e5363e"
            ],
            "index": "pypi",
            "version": "==1.6.6"
        },
        "django-taggit": {
            "hashes": [
                "sha256:710b4d15ec1996550cc68a0abbc41903ca7d832540e52b1336e6858737e410d8",
                "sha256:bb8f27684814cd1414b2af75b857b5e26a40912631904038a7ecacd2bfafc3ac"
            ],
            "version": "==0.24.0"
        },
        "django-treebeard": {
            "hashes": [
                "sha256:c21db06a8d4943bf2a28d9d7a119058698fb76116df2679ecbf15a46a501de42"
            ],
            "version": "==4.3"
        },
        "django-webpack-loader": {
            "hashes": [
                "sha256:60bab6b9a037a5346fad12d2a70a6bc046afb33154cf75ed640b93d3ebd5f520",
                "sha256:970b968c2a8975fb7eff56a3bab5d0d90d396740852d1e0c50c5cfe2b824199a"
            ],
            "index": "pypi",
            "version": "==0.6.0"
        },
        "djangorestframework": {
            "hashes": [
                "sha256:5488aed8f8df5ec1d70f04b2114abc52ae6729748a176c453313834a9ee179c8",
                "sha256:dc81cbf9775c6898a580f6f1f387c4777d12bd87abf0f5406018d32ccae71090"
            ],
            "version": "==3.10.3"
        },
        "docutils": {
            "hashes": [
                "sha256:6c4f696463b79f1fb8ba0c594b63840ebd41f059e92b31957c46b74a4599b6d0",
                "sha256:9e4d7ecfc600058e07ba661411a2b7de2fd0fafa17d1a7f7361cd47b1175c827",
                "sha256:a2aeea129088da402665e92e0b25b04b073c04b2dce4ab65caaa38b7ce2e1a99"
            ],
            "version": "==0.15.2"
        },
        "draftjs-exporter": {
            "hashes": [
                "sha256:5839cbc29d7bce2fb99837a404ca40c3a07313f2a20e2700de7ad6aa9a9a18fb"
            ],
            "version": "==2.1.7"
        },
        "graphene": {
            "hashes": [
                "sha256:09165f03e1591b76bf57b133482db9be6dac72c74b0a628d3c93182af9c5a896",
                "sha256:2cbe6d4ef15cfc7b7805e0760a0e5b80747161ce1b0f990dfdc0d2cf497c12f9"
            ],
            "version": "==2.1.8"
        },
        "graphene-django": {
            "hashes": [
                "sha256:3afd81d47c8b702650e05cc1179fac1cfceae991d241bb164d51f28bed9ec95c",
                "sha256:760a18068feb5457e2ec00d2447c09b2fbac2a6b8c32cc8be2abce3752107ad3"
            ],
            "index": "pypi",
            "version": "==2.2.0"
        },
        "graphql-core": {
            "hashes": [
                "sha256:1488f2a5c2272dc9ba66e3042a6d1c30cea0db4c80bd1e911c6791ad6187d91b",
                "sha256:da64c472d720da4537a2e8de8ba859210b62841bd47a9be65ca35177f62fe0e4"
            ],
            "version": "==2.2.1"
        },
        "graphql-relay": {
            "hashes": [
                "sha256:0e94201af4089e1f81f07d7bd8f84799768e39d70fa1ea16d1df505b46cc6335",
                "sha256:75aa0758971e252964cb94068a4decd472d2a8295229f02189e3cbca1f10dbb5",
                "sha256:7fa74661246e826ef939ee92e768f698df167a7617361ab399901eaebf80dce6"
            ],
            "version": "==2.0.0"
        },
        "graphql-ws": {
            "hashes": [
                "sha256:13449f7caac404323f1ddad5d3b0f8fe89241cfac5192dd8f62e78f155be2dd0",
                "sha256:b4e80b6bc50c29cfa27f3d63e8a289c91d3cffb49022a7dbe96dababcf763159"
            ],
            "version": "==0.3.0"
        },
        "gunicorn": {
            "hashes": [
                "sha256:7ef2b828b335ed58e3b64ffa84caceb0a7dd7c5ca12f217241350dec36a1d5dc",
                "sha256:bc59005979efb6d2dd7d5ba72d99f8a8422862ad17ff3a16e900684630dd2a10"
            ],
            "index": "pypi",
            "version": "==19.8.1"
        },
        "heroku3": {
            "hashes": [
                "sha256:ceb8757062007d480717799f13cf9a97bc6161354211404d6284d8a42e11fc70"
            ],
            "index": "pypi",
            "version": "==3.3.0"
        },
        "html5lib": {
            "hashes": [
                "sha256:20b159aa3badc9d5ee8f5c647e5efd02ed2a66ab8d354930bd9ff139fc1dc0a3",
                "sha256:66cb0dcfdbbc4f9c3ba1a63fdb511ffdbd4f513b2b6d81b80cd26ce6b3fb3736"
            ],
            "version": "==1.0.1"
        },
        "hyperlink": {
            "hashes": [
                "sha256:4288e34705da077fada1111a24a0aa08bb1e76699c9ce49876af722441845654",
                "sha256:ab4a308feb039b04f855a020a6eda3b18ca5a68e6d8f8c899cbe9e653721d04f"
            ],
            "version": "==19.0.0"
        },
        "idna": {
            "hashes": [
                "sha256:c357b3f628cf53ae2c4c05627ecc484553142ca23264e593d327bcde5e9c3407",
                "sha256:ea8b7f6188e6fa117537c3df7da9fc686d485087abf6ac197f9c46432f7e4a3c"
            ],
            "version": "==2.8"
        },
        "incremental": {
            "hashes": [
                "sha256:717e12246dddf231a349175f48d74d93e2897244939173b01974ab6661406b9f",
                "sha256:7b751696aaf36eebfab537e458929e194460051ccad279c72b755a167eebd4b3"
            ],
            "version": "==17.5.0"
        },
        "jmespath": {
            "hashes": [
                "sha256:3720a4b1bd659dd2eecad0666459b9788813e032b83e7ba58578e48254e0a0e6",
                "sha256:bde2aef6f44302dfb30320115b17d030798de8c4110e28d5cf6cf91a7a31074c"
            ],
            "version": "==0.9.4"
        },
        "msgpack-python": {
            "hashes": [
                "sha256:378cc8a6d3545b532dfd149da715abae4fda2a3adb6d74e525d0d5e51f46909b"
            ],
            "version": "==0.5.6"
        },
        "phonenumberslite": {
            "hashes": [
                "sha256:42aa4997b5517ef1f330ab0473885ab0d69ab5c9b9736187a81b7d7dd05e8c31",
                "sha256:a5dc378d5929c3857abac362ee324e64d70cf26e2ddb1e7478060d7f4bab3ecf"
            ],
            "index": "pypi",
            "version": "==8.10.16"
        },
        "pillow": {
            "hashes": [
                "sha256:00fdeb23820f30e43bba78eb9abb00b7a937a655de7760b2e09101d63708b64e",
                "sha256:01f948e8220c85eae1aa1a7f8edddcec193918f933fb07aaebe0bfbbcffefbf1",
                "sha256:08abf39948d4b5017a137be58f1a52b7101700431f0777bec3d897c3949f74e6",
                "sha256:099a61618b145ecb50c6f279666bbc398e189b8bc97544ae32b8fcb49ad6b830",
                "sha256:2c1c61546e73de62747e65807d2cc4980c395d4c5600ecb1f47a650c6fa78c79",
                "sha256:2ed9c4f694861642401f27dc3cb99772be67cd190e84845c749dae0a06c3bfae",
                "sha256:338581b30b908e111be578f0297255f6b57a51358cd16fa0e6f664c9a1f88bff",
                "sha256:38c7d48a21cd06fdeee93987147b9b1c55b73b4cfcbf83240568bfbd5adee447",
                "sha256:43fd026f613c8e48a25eba1a92f4d2ad7f3903c95d8c33a11611a7717d2ab654",
                "sha256:4548236844327a718ce3bb182ab32a16fa2050c61e334e959f554cac052fb0df",
                "sha256:5090857876c58885cfa388dc649e5db30aae98a068c26f3fd0ac9d7d9a4d9572",
                "sha256:5bbba34f97a26a93f5e8dec469ca4ddd712451418add43da946dbaed7f7a98d2",
                "sha256:65a28969a025a0eb4594637b6103201dc4ed2a9508bdab56ac33e43e3081c404",
                "sha256:892bb52b70bd5ea9dbbc3ac44f38e84f5a04e9d8b1bff48159d96cb795b81159",
                "sha256:8a9becd5cbd5062f973bcd2e7bc79483af310222de112b6541f8af1f93a3cc42",
                "sha256:972a7aaeb7c4a2795b52eef52ee991ef040b31009f36deca6207a986607b55f3",
                "sha256:97b119c436bfa96a92ac2ca525f7025836d4d4e64b1c9f9eff8dbaf3ff1d86f3",
                "sha256:9ba37698e242223f8053cc158f130aee046a96feacbeab65893dbe94f5530118",
                "sha256:b1b0e1f626a0f079c0d3696db70132fb1f29aa87c66aecb6501a9b8be64ce9f7",
                "sha256:c14c1224fd1a5be2733530d648a316974dbbb3c946913562c6005a76f21ca042",
                "sha256:c79a8546c48ae6465189e54e3245a97ddf21161e33ff7eaa42787353417bb2b6",
                "sha256:ceb76935ac4ebdf6d7bc845482a4450b284c6ccfb281e34da51d510658ab34d8",
                "sha256:e22bffaad04b4d16e1c091baed7f2733fc1ebb91e0c602abf1b6834d17158b1f",
                "sha256:ec883b8e44d877bda6f94a36313a1c6063f8b1997aa091628ae2f34c7f97c8d5",
                "sha256:f1baa54d50ec031d1a9beb89974108f8f2c0706f49798f4777df879df0e1adb6",
                "sha256:f53a5385932cda1e2c862d89460992911a89768c65d176ff8c50cddca4d29bed"
            ],
            "version": "==6.2.0"
        },
        "promise": {
            "hashes": [
                "sha256:2ebbfc10b7abf6354403ed785fe4f04b9dfd421eb1a474ac8d187022228332af",
                "sha256:348f5f6c3edd4fd47c9cd65aed03ac1b31136d375aa63871a57d3e444c85655c"
            ],
            "version": "==2.2.1"
        },
        "psycopg2-binary": {
            "hashes": [
                "sha256:02eb674e3d5810e19b4d5d00720b17130e182da1ba259dda608aaf33d787347d",
                "sha256:3a14baeabcebd4662f12f4bff03e0574a2369a2e41baf829e6fb4a24c95cf88b",
                "sha256:436a503eda41f6adb08f292f40a3784fce0a5f351b6ae7b19a911904db53af93",
                "sha256:465ff1d427ed42c31e456dbbd9edab3552be18a0edaef7450c5b3e6fee745052",
                "sha256:4a1a5ea2fa4b53191637b162873a82822d92a85a08beefe28296b8eb5cf2fea5",
                "sha256:4a4f23a08fbccbe40ecdb5384d807bcb469ea71dd87e6be2e80b036b8e6d47df",
                "sha256:77a2fc622a1f2d08a707673c9be5769d521f03d867d305f172bb417fa7882754",
                "sha256:8014c06a9ed7b78ba81beff3ae71acd78c212390f8ed839e9ce22735880bd5b4",
                "sha256:83af04029bcb4b56c852e5876fef71340dcb465fa44fc99f80bac72e10fb0b74",
                "sha256:86c0d2587f56776f25d52cca8e275adf495c8e01933fbfc2ca23b124610ab761",
                "sha256:9305d7cbc802aaefac5c75a3df725f2654797369f32b18d4d0adb382dfab6c09",
                "sha256:9b5ddbed85ec73293695d7116589d956ef0dd3fcf7bf3b2a3bc1e8e54c1d543a",
                "sha256:a3d2cc0cb0b988dbfd0d11f7fac34058b25a6ce533ed5b8e88d6cb315e77d54a",
                "sha256:ab1db8f3e96570d9f7ebc45133ce2574804b2280499baade178e163d022107b5",
                "sha256:b039f51bca1ddd70234cc3f84f94f42ad43861b931bdfb497f887c60c39a6565",
                "sha256:b287ddf4cafcfb632974907d1e7862119e36bb758228bdb07dd247553e4cdfc0",
                "sha256:b6b2b26590304d97ef2af28d153ee99ace6fe0806934f4618edfc87216c77f91",
                "sha256:c4c6004d410c77bfa5389ae9485498ce32805447a67afbfe8db0d247a5c88fa1",
                "sha256:c606bff0978ee4858d86d40f6b6ab0c4cac4474f627bd054683dc03a4fc1a366",
                "sha256:c8220c521a408b41c4f14036004a621ed0d965941286b978cd2ea2623fabd755",
                "sha256:cb07184a4bfad304831f0a88b1c13fbd8cf9fcdf1f11e71c477dd6d7b1b078a0",
                "sha256:cf3911fba0c47fc1313b5783183cda301032b14637a0b7a336766ae46998c7ee",
                "sha256:d0972f062c73956332e9681dfdb133168618f0abfecc96e89f0205ac89cd454b",
                "sha256:d1dd3eb8edd354083f5d27b968c5a17854c41347ba5a480b520be85ec1a8495c",
                "sha256:d51c7ed810fce1e50464088c37cc8da05534de8afb12a732500827ebcc480081",
                "sha256:d8940b5104588d6313315e037f0f5ed68d2e5f62ccc1c429d3cff11d2ba6de3f",
                "sha256:de4f88f823037a71ea5ef3c1041d96b8a68d73343133edda684fd42f575bd9d7"
            ],
            "index": "pypi",
            "version": "==2.7.4"
        },
        "pycparser": {
            "hashes": [
                "sha256:8695d87f8d2ca74b17e54b3daf790a48edca11007411f3edebfafa12db322bde",
                "sha256:a988718abfad80b6b157acce7bf130a30876d27603738ac39f140993246b25b3"
            ],
            "version": "==2.19"
        },
        "pyhamcrest": {
            "hashes": [
                "sha256:6b672c02fdf7470df9674ab82263841ce8333fb143f32f021f6cb26f0e512420",
                "sha256:8ffaa0a53da57e89de14ced7185ac746227a8894dbd5a3c718bf05ddbd1d56cd"
            ],
            "version": "==1.9.0"
        },
        "python-dateutil": {
            "hashes": [
                "sha256:3acbef017340600e9ff8f2994d8f7afd6eacb295383f286466a6df3961e486f0",
                "sha256:537bf2a8f8ce6f6862ad705cd68f9e405c0b5db014aa40fa29eab4335d4b1716",
                "sha256:62a2f8df3d66f878373fd0072eacf4ee52194ba302e00082828e0d263b0418d2"
            ],
            "markers": "python_version >= '2.7'",
            "version": "==2.6.0"
        },
        "pytz": {
            "hashes": [
                "sha256:1c557d7d0e871de1f5ccd5833f60fb2550652da6be2693c1e02300743d21500d",
                "sha256:b02c06db6cf09c12dd25137e563b31700d3b80fcc4ad23abb7a315f2789819be"
            ],
            "version": "==2019.3"
        },
        "pyyaml": {
            "hashes": [
                "sha256:0113bc0ec2ad727182326b61326afa3d1d8280ae1122493553fd6f4397f33df9",
                "sha256:01adf0b6c6f61bd11af6e10ca52b7d4057dd0be0343eb9283c878cf3af56aee4",
                "sha256:5124373960b0b3f4aa7df1707e63e9f109b5263eca5976c66e08b1c552d4eaf8",
                "sha256:5ca4f10adbddae56d824b2c09668e91219bb178a1eee1faa56af6f99f11bf696",
                "sha256:7907be34ffa3c5a32b60b95f4d95ea25361c951383a894fec31be7252b2b6f34",
                "sha256:7ec9b2a4ed5cad025c2278a1e6a19c011c80a3caaac804fd2d329e9cc2c287c9",
                "sha256:87ae4c829bb25b9fe99cf71fbb2140c448f534e24c998cc60f39ae4f94396a73",
                "sha256:9de9919becc9cc2ff03637872a440195ac4241c80536632fffeb6a1e25a74299",
                "sha256:a5a85b10e450c66b49f98846937e8cfca1db3127a9d5d1e31ca45c3d0bef4c5b",
                "sha256:b0997827b4f6a7c286c01c5f60384d218dca4ed7d9efa945c3e1aa623d5709ae",
                "sha256:b631ef96d3222e62861443cc89d6563ba3eeb816eeb96b2629345ab795e53681",
                "sha256:bf47c0607522fdbca6c9e817a6e81b08491de50f3766a7a0e6a5be7905961b41",
                "sha256:f81025eddd0327c7d4cfe9b62cf33190e1e736cc6e97502b3ec425f574b3e7a8"
            ],
            "index": "pypi",
            "version": "==5.1.2"
        },
        "redis": {
            "hashes": [
                "sha256:8a1900a9f2a0a44ecf6e8b5eb3e967a9909dfed219ad66df094f27f7d6f330fb",
                "sha256:a22ca993cea2962dbb588f9f30d0015ac4afcc45bee27d3978c0dbe9e97c6c0f"
            ],
            "version": "==2.10.6"
        },
        "requests": {
            "hashes": [
                "sha256:11e007a8a2aa0323f5a921e9e6a2d7e4e67d9877e85773fba9ba6419025cbeb4",
                "sha256:9cf5292fcd0f598c671cfc1e0d7d1a7f13bb8085e9a590f48c010551dc6c4b31"
            ],
            "version": "==2.22.0"
        },
        "rx": {
            "hashes": [
                "sha256:13a1d8d9e252625c173dc795471e614eadfe1cf40ffc684e08b8fff0d9748c23",
                "sha256:7357592bc7e881a95e0c2013b73326f704953301ab551fbc8133a6fadab84105"
            ],
            "version": "==1.6.1"
        },
        "s3transfer": {
            "hashes": [
                "sha256:6efc926738a3cd576c2a79725fed9afde92378aa5c6a957e3af010cb019fac9d",
                "sha256:b780f2411b824cb541dbcd2c713d0cb61c7d1bcadae204cdddda2b35cef493ba"
            ],
            "version": "==0.2.1"
        },
        "scour": {
            "hashes": [
                "sha256:963113779c6877cbdd99bb6ea30ac0576dbe8b4156459ac62e579f8d22726116"
            ],
            "version": "==0.37"
        },
        "simplejson": {
            "hashes": [
                "sha256:054926f2a16e3f1974e4f70bc2c640e4566becf3103ecf4342fa9fb1eb3ba1d8"
            ],
            "version": "==3.3.1"
        },
        "singledispatch": {
            "hashes": [
                "sha256:5b06af87df13818d14f08a028e42f566640aef80805c3b50c5056b086e3c2b9c",
                "sha256:833b46966687b3de7f438c761ac475213e53b306740f1abfaa86e1d1aae56aa8"
            ],
            "version": "==3.4.0.3"
        },
        "six": {
            "hashes": [
                "sha256:3350809f0555b11f552448330d0b52d5f24c91a322ea4a15ef22629740f3761c",
                "sha256:d16a0141ec1a18405cd4ce8b4613101da75da0e9a7aec5bdd4fa804d0e0eba73"
            ],
            "version": "==1.12.0"
        },
        "sqlparse": {
            "hashes": [
                "sha256:40afe6b8d4b1117e7dff5504d7a8ce07d9a1b15aeeade8a2d10f130a834f8177",
                "sha256:7c3dca29c022744e95b547e867cee89f4fce4373f3549ccd8797d8eb52cdb873"
            ],
            "version": "==0.3.0"
        },
        "twisted": {
            "hashes": [
                "sha256:02214ef6f125804969aedd55daccea57060b98dae6a2aa0a4cb60c4d0acb8a2c",
                "sha256:15b51047ab116ee61d791cf9fe6f037f35e909a6d344ccb437d1691627c4d8a1",
                "sha256:17704d98d58c9c52d97e88570732e4c094a93fe5df937d01b759bab593345eec",
                "sha256:222e0cfd60b0c867dd303bce6355a3ffac46574079dff11ae7a1775235ad12c8",
                "sha256:23090c9fcec01ce4e102912a39eb4645b2bf916abe459804f87853d977ced6e3",
                "sha256:5102fc2bf0d870c1e217aa09ed7a48b633cc579950a31ecae9cecc556ebffdf2",
                "sha256:6bc71d5a2320576a3ac7f2dac7802c290fcf9f1972c59f9ef5c5b85b8bac1e1e",
                "sha256:6c7703b62de08fd5873d60e6ed30478cdb39e3a37b1ead3a5d2fed10deb6e112",
                "sha256:6ca398abd58730070e9bc34e8a01d1198438b2ff130e95492090a2fec5fb683b",
                "sha256:98840f28c44894f44dc597747b4cddc740197dc6f6f18ba4dd810422094e35cb",
                "sha256:998e3baf509c7cf7973b8174c1050ac10f6a8bc1aaf0178ad6a7c422c75a0c68",
                "sha256:a5f2de00c6630c8f5ad32fca64fc4c853536c21e9ea8d0d2ae54804ef5836b9c",
                "sha256:aad65a24b27253eb94f2749131a872487b093c599c5873c03d90a65cc9b8a2fc",
                "sha256:ab788465701f553f764f4442d22b850f39a6a6abd4861e70c05b4c27119c9b50",
                "sha256:c7244e24fcb72f838be57d3e117ad7df135ff5af4c9d4c565417d671cd1e68c9",
                "sha256:d5db93026568f60cacdc0615fcd21d46f694a6bfad0ef3ff53cde2b4bb85a39d",
                "sha256:da92426002703b02d8fccff3acfea2d8baf76a9052e8c55ea76d0407eeaa06ce",
                "sha256:f4f0af14d288140ecb00861a3bd1e0b94ffdc63057cc1abe8b9dc84f6b6dcf18",
                "sha256:f985f31e3244d18610816b55becf8fbf445c8e30fe0731500cadaf19f296baf0"
            ],
            "version": "==19.7.0"
        },
        "txaio": {
            "hashes": [
                "sha256:67e360ac73b12c52058219bb5f8b3ed4105d2636707a36a7cdafb56fe06db7fe",
                "sha256:b6b235d432cc58ffe111b43e337db71a5caa5d3eaa88f0eacf60b431c7626ef5"
            ],
            "version": "==18.8.1"
        },
        "unidecode": {
            "hashes": [
                "sha256:1d7a042116536098d05d599ef2b8616759f02985c85b4fef50c78a5aaf10822a",
                "sha256:2b6aab710c2a1647e928e36d69c21e76b453cd455f4e2621000e54b2a9b8cce8"
            ],
            "version": "==1.1.1"
        },
        "urllib3": {
            "hashes": [
                "sha256:3de946ffbed6e6746608990594d08faac602528ac7015ac28d33cee6a45b7398",
                "sha256:9a107b99a5393caf59c7aa3c1249c16e6879447533d0887f4336dde834c7be86"
            ],
            "markers": "python_version >= '3.4'",
            "version": "==1.25.6"
        },
        "wagtail": {
            "hashes": [
                "sha256:8b66ecf74d40ccc7070944ff2e5a3ae33e42ecf92eb98b92c155410e48f4c974",
                "sha256:f0793d4de7d9064df04f6086e93992a5c1b07fb97f76996ea1a550bce3d57a16"
            ],
            "index": "pypi",
            "version": "==2.6.1"
        },
        "wagtail-grapple": {
            "hashes": [
                "sha256:8bf269a0b2858a16ac47a4ab9d2d80d94fd02b5809c648d5c3564ee270faf4a2",
                "sha256:f7c6f0a9f7466b4cd06576e10583dd9eebcd7c25a6af5738ee0d27b1f1c29a1a"
            ],
            "index": "pypi",
            "version": "==0.3.1"
        },
        "wagtail-headless-preview": {
            "hashes": [
                "sha256:782060d1150a33e6c3e5dc7f38498281c0526f3fbd3ae81ab3e1df5c230c4b80",
                "sha256:d1fd0acb4c90468bcfad0a99df11b55defd7fdcdb204ecd4b11052e5f1e10295"
            ],
            "version": "==0.1.4"
        },
        "wagtail-modeltranslation": {
            "hashes": [
                "sha256:fe67d14325655d9e901bc7892b0879a09724a79cef0d74072c020a974a7ad596"
            ],
            "index": "pypi",
            "version": "==0.10.2"
        },
        "webencodings": {
            "hashes": [
                "sha256:a0af1213f3c2226497a97e2b3aa01a7e4bee4f403f95be16fc9acd2947514a78",
                "sha256:b36a1c245f2d304965eb4e0a82848379241dc04b865afcc4aab16748587e1923"
            ],
            "version": "==0.5.1"
        },
        "willow": {
            "hashes": [
                "sha256:76a8874304356b7d86923405f5ca1df125c3540fb55b32747e7a33ba59bc1744",
                "sha256:818ee11803c90a0a6d49c94b0453d6266be1ef83ae00de72731c45fae4d3e78c"
            ],
            "version": "==1.1"
        },
        "zope.interface": {
            "hashes": [
                "sha256:086707e0f413ff8800d9c4bc26e174f7ee4c9c8b0302fbad68d083071822316c",
                "sha256:1157b1ec2a1f5bf45668421e3955c60c610e31913cc695b407a574efdbae1f7b",
                "sha256:11ebddf765bff3bbe8dbce10c86884d87f90ed66ee410a7e6c392086e2c63d02",
                "sha256:14b242d53f6f35c2d07aa2c0e13ccb710392bcd203e1b82a1828d216f6f6b11f",
                "sha256:1b3d0dcabc7c90b470e59e38a9acaa361be43b3a6ea644c0063951964717f0e5",
                "sha256:20a12ab46a7e72b89ce0671e7d7a6c3c1ca2c2766ac98112f78c5bddaa6e4375",
                "sha256:298f82c0ab1b182bd1f34f347ea97dde0fffb9ecf850ecf7f8904b8442a07487",
                "sha256:2f6175722da6f23dbfc76c26c241b67b020e1e83ec7fe93c9e5d3dd18667ada2",
                "sha256:3b877de633a0f6d81b600624ff9137312d8b1d0f517064dfc39999352ab659f0",
                "sha256:4265681e77f5ac5bac0905812b828c9fe1ce80c6f3e3f8574acfb5643aeabc5b",
                "sha256:550695c4e7313555549aa1cdb978dc9413d61307531f123558e438871a883d63",
                "sha256:5f4d42baed3a14c290a078e2696c5f565501abde1b2f3f1a1c0a94fbf6fbcc39",
                "sha256:62dd71dbed8cc6a18379700701d959307823b3b2451bdc018594c48956ace745",
                "sha256:7040547e5b882349c0a2cc9b50674b1745db551f330746af434aad4f09fba2cc",
                "sha256:7e099fde2cce8b29434684f82977db4e24f0efa8b0508179fce1602d103296a2",
                "sha256:7e5c9a5012b2b33e87980cee7d1c82412b2ebabcb5862d53413ba1a2cfde23aa",
                "sha256:81295629128f929e73be4ccfdd943a0906e5fe3cdb0d43ff1e5144d16fbb52b1",
                "sha256:95cc574b0b83b85be9917d37cd2fad0ce5a0d21b024e1a5804d044aabea636fc",
                "sha256:968d5c5702da15c5bf8e4a6e4b67a4d92164e334e9c0b6acf080106678230b98",
                "sha256:9e998ba87df77a85c7bed53240a7257afe51a07ee6bc3445a0bf841886da0b97",
                "sha256:a0c39e2535a7e9c195af956610dba5a1073071d2d85e9d2e5d789463f63e52ab",
                "sha256:a15e75d284178afe529a536b0e8b28b7e107ef39626a7809b4ee64ff3abc9127",
                "sha256:a6a6ff82f5f9b9702478035d8f6fb6903885653bff7ec3a1e011edc9b1a7168d",
                "sha256:b639f72b95389620c1f881d94739c614d385406ab1d6926a9ffe1c8abbea23fe",
                "sha256:bad44274b151d46619a7567010f7cde23a908c6faa84b97598fd2f474a0c6891",
                "sha256:bbcef00d09a30948756c5968863316c949d9cedbc7aabac5e8f0ffbdb632e5f1",
                "sha256:d788a3999014ddf416f2dc454efa4a5dbeda657c6aba031cf363741273804c6b",
                "sha256:eed88ae03e1ef3a75a0e96a55a99d7937ed03e53d0cffc2451c208db445a2966",
                "sha256:f99451f3a579e73b5dd58b1b08d1179791d49084371d9a47baad3b22417f0317"
            ],
            "version": "==4.6.0"
        }
    },
    "develop": {}
}
